{
  "meteor": {},
  "dependencies": {
    "basePackages": {
      "accounts-ui-bootstrap-3": {},
      "bootstrap-3": {},
      "iron-router": {
        "git": "https://github.com/EventedMind/iron-router.git",
        "branch": "blaze-integration"
      }
    },
    "packages": {
      "accounts-ui-bootstrap-3": {
        "git": "https://github.com/mangasocial/meteor-accounts-ui-bootstrap-3.git",
        "tag": "v0.3.5",
        "commit": "bbd0a8a46ae02526c2ebfee05fa8075d8d04a9ba"
      },
      "bootstrap-3": {
        "git": "https://github.com/mangasocial/meteor-bootstrap-3.git",
        "tag": "v3.2.0-1",
        "commit": "17a63902fc6cf1096c5289d963c66cf28b474727"
      },
      "iron-router": {
        "git": "https://github.com/EventedMind/iron-router.git",
        "branch": "blaze-integration",
        "commit": "947991731df164e56b53cfdae8ef23802d989142"
      },
      "blaze-layout": {
        "git": "https://github.com/EventedMind/blaze-layout.git",
        "branch": "master",
        "commit": "273e3ab7d005d91a1a59c71bd224533b4dae2fbd"
      }
    }
  }
}
